
Microsoft Visual Studio Solution File, Format Version 12.00
# Visual Studio Version 16
VisualStudioVersion = 16.0.30717.126
MinimumVisualStudioVersion = 10.0.40219.1
Project("{9092AA53-FB77-4645-B42D-1CCCA6BD08BD}") = "nodejstest", "nodejstest.njsproj", "{0D87D51A-0210-48CB-B589-EB67B9C9F43A}"
EndProject
Global
	GlobalSection(SolutionConfigurationPlatforms) = preSolution
		Debug|Any CPU = Debug|Any CPU
		Release|Any CPU = Release|Any CPU
	EndGlobalSection
	GlobalSection(ProjectConfigurationPlatforms) = postSolution
		{0D87D51A-0210-48CB-B589-EB67B9C9F43A}.Debug|Any CPU.ActiveCfg = Debug|Any CPU
		{0D87D51A-0210-48CB-B589-EB67B9C9F43A}.Debug|Any CPU.Build.0 = Debug|Any CPU
		{0D87D51A-0210-48CB-B589-EB67B9C9F43A}.Release|Any CPU.ActiveCfg = Release|Any CPU
		{0D87D51A-0210-48CB-B589-EB67B9C9F43A}.Release|Any CPU.Build.0 = Release|Any CPU
	EndGlobalSection
	GlobalSection(SolutionProperties) = preSolution
		HideSolutionNode = FALSE
	EndGlobalSection
	GlobalSection(ExtensibilityGlobals) = postSolution
		SolutionGuid = {1499146E-004A-459E-B1BA-C4518F11DBE9}
	EndGlobalSection
EndGlobal
